
Microsoft Visual Studio Solution File, Format Version 12.00
# Visual Studio Version 16
VisualStudioVersion = 16.0.30309.148
MinimumVisualStudioVersion = 10.0.40219.1
Project("{9A19103F-16F7-4668-BE54-9A1E7A4F7556}") = "OakIdeas.GenericRepository", "OakIdeas.GenericRepository\OakIdeas.GenericRepository.csproj", "{9D5CF27D-9D66-49B8-B49E-925A691C6134}"
EndProject
Project("{9A19103F-16F7-4668-BE54-9A1E7A4F7556}") = "OakIdeas.GenericRepository.Tests", "OakIdeas.GenericRepository.Tests\OakIdeas.GenericRepository.Tests.csproj", "{473D1E8F-54C6-4979-BAD7-751CF6BDF7A9}"
EndProject
Project("{9A19103F-16F7-4668-BE54-9A1E7A4F7556}") = "OakIdeas.GenericRepository.EntityFrameworkCore", "OakIdeas.GenericRepository.EntityFrameworkCore\OakIdeas.GenericRepository.EntityFrameworkCore.csproj", "{6E55C6D0-A483-4043-AA0B-F46F3C568455}"
EndProject
Project("{9A19103F-16F7-4668-BE54-9A1E7A4F7556}") = "OakIdeas.GenericRepository.EntityFrameworkCore.Tests", "OakIdeas.GenericRepository.EntityFrameworkCore.Tests\OakIdeas.GenericRepository.EntityFrameworkCore.Tests.csproj", "{7A082DB6-13A9-4812-9F03-CD70D846B260}"
EndProject
Project("{2150E333-8FDC-42A3-9474-1A3956D46DE8}") = "Solution Items", "Solution Items", "{848B00D8-84C0-4DE9-994C-016B0561F487}"
	ProjectSection(SolutionItems) = preProject
		..\Images\oakideasnew.png = ..\Images\oakideasnew.png
	EndProjectSection
EndProject
Project("{FAE04EC0-301F-11D3-BF4B-00C04F79EFBC}") = "OakIdeas.GenericRepository.Middleware", "OakIdeas.GenericRepository.Middleware\OakIdeas.GenericRepository.Middleware.csproj", "{F86A607C-FBCF-4CB7-AB41-2B2864199144}"
EndProject
Project("{FAE04EC0-301F-11D3-BF4B-00C04F79EFBC}") = "OakIdeas.GenericRepository.Middleware.Tests", "OakIdeas.GenericRepository.Middleware.Tests\OakIdeas.GenericRepository.Middleware.Tests.csproj", "{BED756D4-68BE-4107-8595-36BB9FFA0329}"
EndProject
Global
	GlobalSection(SolutionConfigurationPlatforms) = preSolution
		Debug|Any CPU = Debug|Any CPU
		Debug|x64 = Debug|x64
		Debug|x86 = Debug|x86
		Release|Any CPU = Release|Any CPU
		Release|x64 = Release|x64
		Release|x86 = Release|x86
	EndGlobalSection
	GlobalSection(ProjectConfigurationPlatforms) = postSolution
		{9D5CF27D-9D66-49B8-B49E-925A691C6134}.Debug|Any CPU.ActiveCfg = Debug|Any CPU
		{9D5CF27D-9D66-49B8-B49E-925A691C6134}.Debug|Any CPU.Build.0 = Debug|Any CPU
		{9D5CF27D-9D66-49B8-B49E-925A691C6134}.Debug|x64.ActiveCfg = Debug|Any CPU
		{9D5CF27D-9D66-49B8-B49E-925A691C6134}.Debug|x64.Build.0 = Debug|Any CPU
		{9D5CF27D-9D66-49B8-B49E-925A691C6134}.Debug|x86.ActiveCfg = Debug|Any CPU
		{9D5CF27D-9D66-49B8-B49E-925A691C6134}.Debug|x86.Build.0 = Debug|Any CPU
		{9D5CF27D-9D66-49B8-B49E-925A691C6134}.Release|Any CPU.ActiveCfg = Release|Any CPU
		{9D5CF27D-9D66-49B8-B49E-925A691C6134}.Release|Any CPU.Build.0 = Release|Any CPU
		{9D5CF27D-9D66-49B8-B49E-925A691C6134}.Release|x64.ActiveCfg = Release|Any CPU
		{9D5CF27D-9D66-49B8-B49E-925A691C6134}.Release|x64.Build.0 = Release|Any CPU
		{9D5CF27D-9D66-49B8-B49E-925A691C6134}.Release|x86.ActiveCfg = Release|Any CPU
		{9D5CF27D-9D66-49B8-B49E-925A691C6134}.Release|x86.Build.0 = Release|Any CPU
		{473D1E8F-54C6-4979-BAD7-751CF6BDF7A9}.Debug|Any CPU.ActiveCfg = Debug|Any CPU
		{473D1E8F-54C6-4979-BAD7-751CF6BDF7A9}.Debug|Any CPU.Build.0 = Debug|Any CPU
		{473D1E8F-54C6-4979-BAD7-751CF6BDF7A9}.Debug|x64.ActiveCfg = Debug|Any CPU
		{473D1E8F-54C6-4979-BAD7-751CF6BDF7A9}.Debug|x64.Build.0 = Debug|Any CPU
		{473D1E8F-54C6-4979-BAD7-751CF6BDF7A9}.Debug|x86.ActiveCfg = Debug|Any CPU
		{473D1E8F-54C6-4979-BAD7-751CF6BDF7A9}.Debug|x86.Build.0 = Debug|Any CPU
		{473D1E8F-54C6-4979-BAD7-751CF6BDF7A9}.Release|Any CPU.ActiveCfg = Release|Any CPU
		{473D1E8F-54C6-4979-BAD7-751CF6BDF7A9}.Release|Any CPU.Build.0 = Release|Any CPU
		{473D1E8F-54C6-4979-BAD7-751CF6BDF7A9}.Release|x64.ActiveCfg = Release|Any CPU
		{473D1E8F-54C6-4979-BAD7-751CF6BDF7A9}.Release|x64.Build.0 = Release|Any CPU
		{473D1E8F-54C6-4979-BAD7-751CF6BDF7A9}.Release|x86.ActiveCfg = Release|Any CPU
		{473D1E8F-54C6-4979-BAD7-751CF6BDF7A9}.Release|x86.Build.0 = Release|Any CPU
		{6E55C6D0-A483-4043-AA0B-F46F3C568455}.Debug|Any CPU.ActiveCfg = Debug|Any CPU
		{6E55C6D0-A483-4043-AA0B-F46F3C568455}.Debug|Any CPU.Build.0 = Debug|Any CPU
		{6E55C6D0-A483-4043-AA0B-F46F3C568455}.Debug|x64.ActiveCfg = Debug|Any CPU
		{6E55C6D0-A483-4043-AA0B-F46F3C568455}.Debug|x64.Build.0 = Debug|Any CPU
		{6E55C6D0-A483-4043-AA0B-F46F3C568455}.Debug|x86.ActiveCfg = Debug|Any CPU
		{6E55C6D0-A483-4043-AA0B-F46F3C568455}.Debug|x86.Build.0 = Debug|Any CPU
		{6E55C6D0-A483-4043-AA0B-F46F3C568455}.Release|Any CPU.ActiveCfg = Release|Any CPU
		{6E55C6D0-A483-4043-AA0B-F46F3C568455}.Release|Any CPU.Build.0 = Release|Any CPU
		{6E55C6D0-A483-4043-AA0B-F46F3C568455}.Release|x64.ActiveCfg = Release|Any CPU
		{6E55C6D0-A483-4043-AA0B-F46F3C568455}.Release|x64.Build.0 = Release|Any CPU
		{6E55C6D0-A483-4043-AA0B-F46F3C568455}.Release|x86.ActiveCfg = Release|Any CPU
		{6E55C6D0-A483-4043-AA0B-F46F3C568455}.Release|x86.Build.0 = Release|Any CPU
		{7A082DB6-13A9-4812-9F03-CD70D846B260}.Debug|Any CPU.ActiveCfg = Debug|Any CPU
		{7A082DB6-13A9-4812-9F03-CD70D846B260}.Debug|Any CPU.Build.0 = Debug|Any CPU
		{7A082DB6-13A9-4812-9F03-CD70D846B260}.Debug|x64.ActiveCfg = Debug|Any CPU
		{7A082DB6-13A9-4812-9F03-CD70D846B260}.Debug|x64.Build.0 = Debug|Any CPU
		{7A082DB6-13A9-4812-9F03-CD70D846B260}.Debug|x86.ActiveCfg = Debug|Any CPU
		{7A082DB6-13A9-4812-9F03-CD70D846B260}.Debug|x86.Build.0 = Debug|Any CPU
		{7A082DB6-13A9-4812-9F03-CD70D846B260}.Release|Any CPU.ActiveCfg = Release|Any CPU
		{7A082DB6-13A9-4812-9F03-CD70D846B260}.Release|Any CPU.Build.0 = Release|Any CPU
		{7A082DB6-13A9-4812-9F03-CD70D846B260}.Release|x64.ActiveCfg = Release|Any CPU
		{7A082DB6-13A9-4812-9F03-CD70D846B260}.Release|x64.Build.0 = Release|Any CPU
		{7A082DB6-13A9-4812-9F03-CD70D846B260}.Release|x86.ActiveCfg = Release|Any CPU
		{7A082DB6-13A9-4812-9F03-CD70D846B260}.Release|x86.Build.0 = Release|Any CPU
		{F86A607C-FBCF-4CB7-AB41-2B2864199144}.Debug|Any CPU.ActiveCfg = Debug|Any CPU
		{F86A607C-FBCF-4CB7-AB41-2B2864199144}.Debug|Any CPU.Build.0 = Debug|Any CPU
		{F86A607C-FBCF-4CB7-AB41-2B2864199144}.Debug|x64.ActiveCfg = Debug|Any CPU
		{F86A607C-FBCF-4CB7-AB41-2B2864199144}.Debug|x64.Build.0 = Debug|Any CPU
		{F86A607C-FBCF-4CB7-AB41-2B2864199144}.Debug|x86.ActiveCfg = Debug|Any CPU
		{F86A607C-FBCF-4CB7-AB41-2B2864199144}.Debug|x86.Build.0 = Debug|Any CPU
		{F86A607C-FBCF-4CB7-AB41-2B2864199144}.Release|Any CPU.ActiveCfg = Release|Any CPU
		{F86A607C-FBCF-4CB7-AB41-2B2864199144}.Release|Any CPU.Build.0 = Release|Any CPU
		{F86A607C-FBCF-4CB7-AB41-2B2864199144}.Release|x64.ActiveCfg = Release|Any CPU
		{F86A607C-FBCF-4CB7-AB41-2B2864199144}.Release|x64.Build.0 = Release|Any CPU
		{F86A607C-FBCF-4CB7-AB41-2B2864199144}.Release|x86.ActiveCfg = Release|Any CPU
		{F86A607C-FBCF-4CB7-AB41-2B2864199144}.Release|x86.Build.0 = Release|Any CPU
		{BED756D4-68BE-4107-8595-36BB9FFA0329}.Debug|Any CPU.ActiveCfg = Debug|Any CPU
		{BED756D4-68BE-4107-8595-36BB9FFA0329}.Debug|Any CPU.Build.0 = Debug|Any CPU
		{BED756D4-68BE-4107-8595-36BB9FFA0329}.Debug|x64.ActiveCfg = Debug|Any CPU
		{BED756D4-68BE-4107-8595-36BB9FFA0329}.Debug|x64.Build.0 = Debug|Any CPU
		{BED756D4-68BE-4107-8595-36BB9FFA0329}.Debug|x86.ActiveCfg = Debug|Any CPU
		{BED756D4-68BE-4107-8595-36BB9FFA0329}.Debug|x86.Build.0 = Debug|Any CPU
		{BED756D4-68BE-4107-8595-36BB9FFA0329}.Release|Any CPU.ActiveCfg = Release|Any CPU
		{BED756D4-68BE-4107-8595-36BB9FFA0329}.Release|Any CPU.Build.0 = Release|Any CPU
		{BED756D4-68BE-4107-8595-36BB9FFA0329}.Release|x64.ActiveCfg = Release|Any CPU
		{BED756D4-68BE-4107-8595-36BB9FFA0329}.Release|x64.Build.0 = Release|Any CPU
		{BED756D4-68BE-4107-8595-36BB9FFA0329}.Release|x86.ActiveCfg = Release|Any CPU
		{BED756D4-68BE-4107-8595-36BB9FFA0329}.Release|x86.Build.0 = Release|Any CPU
	EndGlobalSection
	GlobalSection(SolutionProperties) = preSolution
		HideSolutionNode = FALSE
	EndGlobalSection
	GlobalSection(ExtensibilityGlobals) = postSolution
		SolutionGuid = {F7B641A4-009A-44BA-918F-0B084DBD00D7}
	EndGlobalSection
EndGlobal
