
Microsoft Visual Studio Solution File, Format Version 12.00
# Visual Studio Version 16
VisualStudioVersion = 16.0.30309.148
MinimumVisualStudioVersion = 10.0.40219.1
Project("{9A19103F-16F7-4668-BE54-9A1E7A4F7556}") = "OakIdeas.GenericRepository", "OakIdeas.GenericRepository\OakIdeas.GenericRepository.csproj", "{9D5CF27D-9D66-49B8-B49E-925A691C6134}"
EndProject
Project("{9A19103F-16F7-4668-BE54-9A1E7A4F7556}") = "OakIdeas.GenericRepository.Tests", "OakIdeas.GenericRepository.Tests\OakIdeas.GenericRepository.Tests.csproj", "{473D1E8F-54C6-4979-BAD7-751CF6BDF7A9}"
EndProject
Global
	GlobalSection(SolutionConfigurationPlatforms) = preSolution
		Debug|Any CPU = Debug|Any CPU
		Release|Any CPU = Release|Any CPU
	EndGlobalSection
	GlobalSection(ProjectConfigurationPlatforms) = postSolution
		{9D5CF27D-9D66-49B8-B49E-925A691C6134}.Debug|Any CPU.ActiveCfg = Debug|Any CPU
		{9D5CF27D-9D66-49B8-B49E-925A691C6134}.Debug|Any CPU.Build.0 = Debug|Any CPU
		{9D5CF27D-9D66-49B8-B49E-925A691C6134}.Release|Any CPU.ActiveCfg = Release|Any CPU
		{9D5CF27D-9D66-49B8-B49E-925A691C6134}.Release|Any CPU.Build.0 = Release|Any CPU
		{473D1E8F-54C6-4979-BAD7-751CF6BDF7A9}.Debug|Any CPU.ActiveCfg = Debug|Any CPU
		{473D1E8F-54C6-4979-BAD7-751CF6BDF7A9}.Debug|Any CPU.Build.0 = Debug|Any CPU
		{473D1E8F-54C6-4979-BAD7-751CF6BDF7A9}.Release|Any CPU.ActiveCfg = Release|Any CPU
		{473D1E8F-54C6-4979-BAD7-751CF6BDF7A9}.Release|Any CPU.Build.0 = Release|Any CPU
	EndGlobalSection
	GlobalSection(SolutionProperties) = preSolution
		HideSolutionNode = FALSE
	EndGlobalSection
	GlobalSection(ExtensibilityGlobals) = postSolution
		SolutionGuid = {F7B641A4-009A-44BA-918F-0B084DBD00D7}
	EndGlobalSection
EndGlobal
